
Microsoft Visual Studio Solution File, Format Version 12.00
# Visual Studio 15
VisualStudioVersion = 15.0.28307.572
MinimumVisualStudioVersion = 10.0.40219.1
Project("{FAE04EC0-301F-11D3-BF4B-00C04F79EFBC}") = "MainPrototype", "MainPrototype\MainPrototype.csproj", "{1FDCCCC5-5D2F-44CF-AB94-D088A4B4F490}"
EndProject
Project("{FAE04EC0-301F-11D3-BF4B-00C04F79EFBC}") = "CustomControls", "CustomControls\CustomControls.csproj", "{D5F64EE8-C64A-4259-81C0-F5C029C45028}"
EndProject
Project("{FAE04EC0-301F-11D3-BF4B-00C04F79EFBC}") = "ClassModels", "ClassModels\ClassModels.csproj", "{959783C9-A02B-4CF2-8E7B-46C6D1E206FE}"
EndProject
Global
	GlobalSection(SolutionConfigurationPlatforms) = preSolution
		Debug|Any CPU = Debug|Any CPU
		Release|Any CPU = Release|Any CPU
	EndGlobalSection
	GlobalSection(ProjectConfigurationPlatforms) = postSolution
		{1FDCCCC5-5D2F-44CF-AB94-D088A4B4F490}.Debug|Any CPU.ActiveCfg = Debug|Any CPU
		{1FDCCCC5-5D2F-44CF-AB94-D088A4B4F490}.Debug|Any CPU.Build.0 = Debug|Any CPU
		{1FDCCCC5-5D2F-44CF-AB94-D088A4B4F490}.Release|Any CPU.ActiveCfg = Release|Any CPU
		{1FDCCCC5-5D2F-44CF-AB94-D088A4B4F490}.Release|Any CPU.Build.0 = Release|Any CPU
		{D5F64EE8-C64A-4259-81C0-F5C029C45028}.Debug|Any CPU.ActiveCfg = Debug|Any CPU
		{D5F64EE8-C64A-4259-81C0-F5C029C45028}.Debug|Any CPU.Build.0 = Debug|Any CPU
		{D5F64EE8-C64A-4259-81C0-F5C029C45028}.Release|Any CPU.ActiveCfg = Release|Any CPU
		{D5F64EE8-C64A-4259-81C0-F5C029C45028}.Release|Any CPU.Build.0 = Release|Any CPU
		{959783C9-A02B-4CF2-8E7B-46C6D1E206FE}.Debug|Any CPU.ActiveCfg = Debug|Any CPU
		{959783C9-A02B-4CF2-8E7B-46C6D1E206FE}.Debug|Any CPU.Build.0 = Debug|Any CPU
		{959783C9-A02B-4CF2-8E7B-46C6D1E206FE}.Release|Any CPU.ActiveCfg = Release|Any CPU
		{959783C9-A02B-4CF2-8E7B-46C6D1E206FE}.Release|Any CPU.Build.0 = Release|Any CPU
	EndGlobalSection
	GlobalSection(SolutionProperties) = preSolution
		HideSolutionNode = FALSE
	EndGlobalSection
	GlobalSection(ExtensibilityGlobals) = postSolution
		SolutionGuid = {763F145C-1329-4B4F-B49E-87ABB7FDF8C3}
	EndGlobalSection
EndGlobal
